
Microsoft Visual Studio Solution File, Format Version 11.00
# Visual Studio 2010
Project("{FAE04EC0-301F-11D3-BF4B-00C04F79EFBC}") = "NetworkSystem", "Assembly-CSharp-firstpass.csproj", "{76D12266-3654-7112-83B3-52F9CCB72F35}"
EndProject
Project("{FAE04EC0-301F-11D3-BF4B-00C04F79EFBC}") = "NetworkSystem", "Assembly-CSharp.csproj", "{CCEFEB01-1BC3-92CB-FE03-44164C960B7E}"
EndProject
Project("{FAE04EC0-301F-11D3-BF4B-00C04F79EFBC}") = "NetworkSystem", "Assembly-CSharp-Editor-firstpass.csproj", "{5D6553A8-0E4D-4CB6-DC46-3709A62F6502}"
EndProject
Global
	GlobalSection(SolutionConfigurationPlatforms) = preSolution
		Debug|Any CPU = Debug|Any CPU
		Release|Any CPU = Release|Any CPU
	EndGlobalSection
	GlobalSection(ProjectConfigurationPlatforms) = postSolution
		{76D12266-3654-7112-83B3-52F9CCB72F35}.Debug|Any CPU.ActiveCfg = Debug|Any CPU
		{76D12266-3654-7112-83B3-52F9CCB72F35}.Debug|Any CPU.Build.0 = Debug|Any CPU
		{76D12266-3654-7112-83B3-52F9CCB72F35}.Release|Any CPU.ActiveCfg = Release|Any CPU
		{76D12266-3654-7112-83B3-52F9CCB72F35}.Release|Any CPU.Build.0 = Release|Any CPU
		{CCEFEB01-1BC3-92CB-FE03-44164C960B7E}.Debug|Any CPU.ActiveCfg = Debug|Any CPU
		{CCEFEB01-1BC3-92CB-FE03-44164C960B7E}.Debug|Any CPU.Build.0 = Debug|Any CPU
		{CCEFEB01-1BC3-92CB-FE03-44164C960B7E}.Release|Any CPU.ActiveCfg = Release|Any CPU
		{CCEFEB01-1BC3-92CB-FE03-44164C960B7E}.Release|Any CPU.Build.0 = Release|Any CPU
		{5D6553A8-0E4D-4CB6-DC46-3709A62F6502}.Debug|Any CPU.ActiveCfg = Debug|Any CPU
		{5D6553A8-0E4D-4CB6-DC46-3709A62F6502}.Debug|Any CPU.Build.0 = Debug|Any CPU
		{5D6553A8-0E4D-4CB6-DC46-3709A62F6502}.Release|Any CPU.ActiveCfg = Release|Any CPU
		{5D6553A8-0E4D-4CB6-DC46-3709A62F6502}.Release|Any CPU.Build.0 = Release|Any CPU
	EndGlobalSection
	GlobalSection(SolutionProperties) = preSolution
		HideSolutionNode = FALSE
	EndGlobalSection
	GlobalSection(MonoDevelopProperties) = preSolution
		StartupItem = Assembly-CSharp.csproj
	EndGlobalSection
EndGlobal
